
Microsoft Visual Studio Solution File, Format Version 12.00
# Visual Studio Version 16
VisualStudioVersion = 16.0.29920.165
MinimumVisualStudioVersion = 10.0.40219.1
Project("{FAE04EC0-301F-11D3-BF4B-00C04F79EFBC}") = "Öğretmen Evi Uygulaması", "Öğretmen Evi Uygulaması\Öğretmen Evi Uygulaması.csproj", "{F1F5F5DD-A9EC-49A9-9D1D-82EDFCB499A1}"
EndProject
Global
	GlobalSection(SolutionConfigurationPlatforms) = preSolution
		Debug|Any CPU = Debug|Any CPU
		Release|Any CPU = Release|Any CPU
	EndGlobalSection
	GlobalSection(ProjectConfigurationPlatforms) = postSolution
		{F1F5F5DD-A9EC-49A9-9D1D-82EDFCB499A1}.Debug|Any CPU.ActiveCfg = Debug|Any CPU
		{F1F5F5DD-A9EC-49A9-9D1D-82EDFCB499A1}.Debug|Any CPU.Build.0 = Debug|Any CPU
		{F1F5F5DD-A9EC-49A9-9D1D-82EDFCB499A1}.Release|Any CPU.ActiveCfg = Release|Any CPU
		{F1F5F5DD-A9EC-49A9-9D1D-82EDFCB499A1}.Release|Any CPU.Build.0 = Release|Any CPU
	EndGlobalSection
	GlobalSection(SolutionProperties) = preSolution
		HideSolutionNode = FALSE
	EndGlobalSection
	GlobalSection(ExtensibilityGlobals) = postSolution
		SolutionGuid = {B381C6DF-B849-4A53-B0B9-1F9F71252473}
	EndGlobalSection
EndGlobal
